
Microsoft Visual Studio Solution File, Format Version 12.00
# Visual Studio Version 17
VisualStudioVersion = 17.11.35312.102
MinimumVisualStudioVersion = 10.0.40219.1
Project("{FAE04EC0-301F-11D3-BF4B-00C04F79EFBC}") = "crud-project-winform", "crud-project-winform.csproj", "{7E5A84FC-A661-46AD-9226-AAB07F32061F}"
EndProject
Global
	GlobalSection(SolutionConfigurationPlatforms) = preSolution
		Debug|Any CPU = Debug|Any CPU
		Release|Any CPU = Release|Any CPU
	EndGlobalSection
	GlobalSection(ProjectConfigurationPlatforms) = postSolution
		{7E5A84FC-A661-46AD-9226-AAB07F32061F}.Debug|Any CPU.ActiveCfg = Debug|Any CPU
		{7E5A84FC-A661-46AD-9226-AAB07F32061F}.Debug|Any CPU.Build.0 = Debug|Any CPU
		{7E5A84FC-A661-46AD-9226-AAB07F32061F}.Release|Any CPU.ActiveCfg = Release|Any CPU
		{7E5A84FC-A661-46AD-9226-AAB07F32061F}.Release|Any CPU.Build.0 = Release|Any CPU
	EndGlobalSection
	GlobalSection(SolutionProperties) = preSolution
		HideSolutionNode = FALSE
	EndGlobalSection
	GlobalSection(ExtensibilityGlobals) = postSolution
		SolutionGuid = {F87B260F-3A1A-44C5-8BD7-292471AD706C}
	EndGlobalSection
EndGlobal
